
Microsoft Visual Studio Solution File, Format Version 11.00
# Visual Studio 2010
Project("{FAE04EC0-301F-11D3-BF4B-00C04F79EFBC}") = "Assembly-CSharp", "Assembly-CSharp.csproj", "{4727C8A3-C60A-D15D-3B0E-2072E8DE9D5C}"
EndProject
Project("{FAE04EC0-301F-11D3-BF4B-00C04F79EFBC}") = "Assembly-CSharp-Editor", "Assembly-CSharp-Editor.csproj", "{5D78EBC3-7059-BF9C-C2A1-B0B5566CE068}"
EndProject
Global
	GlobalSection(SolutionConfigurationPlatforms) = preSolution
		Debug|Any CPU = Debug|Any CPU
		Release|Any CPU = Release|Any CPU
	EndGlobalSection
	GlobalSection(ProjectConfigurationPlatforms) = postSolution
		{4727C8A3-C60A-D15D-3B0E-2072E8DE9D5C}.Debug|Any CPU.ActiveCfg = Debug|Any CPU
		{4727C8A3-C60A-D15D-3B0E-2072E8DE9D5C}.Debug|Any CPU.Build.0 = Debug|Any CPU
		{4727C8A3-C60A-D15D-3B0E-2072E8DE9D5C}.Release|Any CPU.ActiveCfg = Release|Any CPU
		{4727C8A3-C60A-D15D-3B0E-2072E8DE9D5C}.Release|Any CPU.Build.0 = Release|Any CPU
		{5D78EBC3-7059-BF9C-C2A1-B0B5566CE068}.Debug|Any CPU.ActiveCfg = Debug|Any CPU
		{5D78EBC3-7059-BF9C-C2A1-B0B5566CE068}.Debug|Any CPU.Build.0 = Debug|Any CPU
		{5D78EBC3-7059-BF9C-C2A1-B0B5566CE068}.Release|Any CPU.ActiveCfg = Release|Any CPU
		{5D78EBC3-7059-BF9C-C2A1-B0B5566CE068}.Release|Any CPU.Build.0 = Release|Any CPU
	EndGlobalSection
	GlobalSection(SolutionProperties) = preSolution
		HideSolutionNode = FALSE
	EndGlobalSection
EndGlobal
